
Microsoft Visual Studio Solution File, Format Version 12.00
# Visual Studio 15
VisualStudioVersion = 15.0.28307.572
MinimumVisualStudioVersion = 10.0.40219.1
Project("{FAE04EC0-301F-11D3-BF4B-00C04F79EFBC}") = "5.2.1", "5.2.1\5.2.1.csproj", "{0825E535-D9B0-48A9-940F-8F3B0E63647C}"
EndProject
Global
	GlobalSection(SolutionConfigurationPlatforms) = preSolution
		Debug|Any CPU = Debug|Any CPU
		Release|Any CPU = Release|Any CPU
	EndGlobalSection
	GlobalSection(ProjectConfigurationPlatforms) = postSolution
		{0825E535-D9B0-48A9-940F-8F3B0E63647C}.Debug|Any CPU.ActiveCfg = Debug|Any CPU
		{0825E535-D9B0-48A9-940F-8F3B0E63647C}.Debug|Any CPU.Build.0 = Debug|Any CPU
		{0825E535-D9B0-48A9-940F-8F3B0E63647C}.Release|Any CPU.ActiveCfg = Release|Any CPU
		{0825E535-D9B0-48A9-940F-8F3B0E63647C}.Release|Any CPU.Build.0 = Release|Any CPU
	EndGlobalSection
	GlobalSection(SolutionProperties) = preSolution
		HideSolutionNode = FALSE
	EndGlobalSection
	GlobalSection(ExtensibilityGlobals) = postSolution
		SolutionGuid = {3BE009AF-B41C-432C-A0F1-9BE322311126}
	EndGlobalSection
EndGlobal
