
Microsoft Visual Studio Solution File, Format Version 12.00
# Visual Studio 15
VisualStudioVersion = 15.0.28307.572
MinimumVisualStudioVersion = 10.0.40219.1
Project("{FAE04EC0-301F-11D3-BF4B-00C04F79EFBC}") = "5.1.1", "5.1.1\5.1.1.csproj", "{1252DE15-4D50-41C4-B3D9-3BF1798D5EFB}"
EndProject
Global
	GlobalSection(SolutionConfigurationPlatforms) = preSolution
		Debug|Any CPU = Debug|Any CPU
		Release|Any CPU = Release|Any CPU
	EndGlobalSection
	GlobalSection(ProjectConfigurationPlatforms) = postSolution
		{1252DE15-4D50-41C4-B3D9-3BF1798D5EFB}.Debug|Any CPU.ActiveCfg = Debug|Any CPU
		{1252DE15-4D50-41C4-B3D9-3BF1798D5EFB}.Debug|Any CPU.Build.0 = Debug|Any CPU
		{1252DE15-4D50-41C4-B3D9-3BF1798D5EFB}.Release|Any CPU.ActiveCfg = Release|Any CPU
		{1252DE15-4D50-41C4-B3D9-3BF1798D5EFB}.Release|Any CPU.Build.0 = Release|Any CPU
	EndGlobalSection
	GlobalSection(SolutionProperties) = preSolution
		HideSolutionNode = FALSE
	EndGlobalSection
	GlobalSection(ExtensibilityGlobals) = postSolution
		SolutionGuid = {7A830DDD-BB1E-45B2-99D0-436E8A31CC12}
	EndGlobalSection
EndGlobal
